
Microsoft Visual Studio Solution File, Format Version 12.00
# Visual Studio 15
VisualStudioVersion = 15.0.28307.779
MinimumVisualStudioVersion = 10.0.40219.1
Project("{FAE04EC0-301F-11D3-BF4B-00C04F79EFBC}") = "MapsParser", "MapsParser.csproj", "{4C832C60-A595-4D19-9A92-F7466D38916F}"
EndProject
Global
	GlobalSection(SolutionConfigurationPlatforms) = preSolution
		Debug|Any CPU = Debug|Any CPU
		Release|Any CPU = Release|Any CPU
	EndGlobalSection
	GlobalSection(ProjectConfigurationPlatforms) = postSolution
		{4C832C60-A595-4D19-9A92-F7466D38916F}.Debug|Any CPU.ActiveCfg = Debug|Any CPU
		{4C832C60-A595-4D19-9A92-F7466D38916F}.Debug|Any CPU.Build.0 = Debug|Any CPU
		{4C832C60-A595-4D19-9A92-F7466D38916F}.Release|Any CPU.ActiveCfg = Release|Any CPU
		{4C832C60-A595-4D19-9A92-F7466D38916F}.Release|Any CPU.Build.0 = Release|Any CPU
	EndGlobalSection
	GlobalSection(SolutionProperties) = preSolution
		HideSolutionNode = FALSE
	EndGlobalSection
	GlobalSection(ExtensibilityGlobals) = postSolution
		SolutionGuid = {9A672D4C-296D-4365-8BCA-93EFA42E08BF}
	EndGlobalSection
EndGlobal
